
Microsoft Visual Studio Solution File, Format Version 12.00
# Visual Studio 15
VisualStudioVersion = 15.0.26403.3
MinimumVisualStudioVersion = 10.0.40219.1
Project("{FAE04EC0-301F-11D3-BF4B-00C04F79EFBC}") = "LearnRESTAPI", "LearnRESTAPI\LearnRESTAPI.csproj", "{F8147BD2-A534-478F-9B6A-81E5CCA0B9EF}"
EndProject
Project("{9A19103F-16F7-4668-BE54-9A1E7A4F7556}") = "MyCodeCamp.Data", "Shawn'sGitHubFiles\WebAPICoreResources-master\Data\MyCodeCamp.Data\MyCodeCamp.Data.csproj", "{BDA91F18-0275-4C5F-A676-FDE037EE4A2D}"
EndProject
Global
	GlobalSection(SolutionConfigurationPlatforms) = preSolution
		Debug|Any CPU = Debug|Any CPU
		Release|Any CPU = Release|Any CPU
	EndGlobalSection
	GlobalSection(ProjectConfigurationPlatforms) = postSolution
		{F8147BD2-A534-478F-9B6A-81E5CCA0B9EF}.Debug|Any CPU.ActiveCfg = Debug|Any CPU
		{F8147BD2-A534-478F-9B6A-81E5CCA0B9EF}.Debug|Any CPU.Build.0 = Debug|Any CPU
		{F8147BD2-A534-478F-9B6A-81E5CCA0B9EF}.Release|Any CPU.ActiveCfg = Release|Any CPU
		{F8147BD2-A534-478F-9B6A-81E5CCA0B9EF}.Release|Any CPU.Build.0 = Release|Any CPU
		{BDA91F18-0275-4C5F-A676-FDE037EE4A2D}.Debug|Any CPU.ActiveCfg = Debug|Any CPU
		{BDA91F18-0275-4C5F-A676-FDE037EE4A2D}.Debug|Any CPU.Build.0 = Debug|Any CPU
		{BDA91F18-0275-4C5F-A676-FDE037EE4A2D}.Release|Any CPU.ActiveCfg = Release|Any CPU
		{BDA91F18-0275-4C5F-A676-FDE037EE4A2D}.Release|Any CPU.Build.0 = Release|Any CPU
	EndGlobalSection
	GlobalSection(SolutionProperties) = preSolution
		HideSolutionNode = FALSE
	EndGlobalSection
EndGlobal
